
Microsoft Visual Studio Solution File, Format Version 12.00
# Visual Studio Version 17
VisualStudioVersion = 17.9.34723.18
MinimumVisualStudioVersion = 10.0.40219.1
Project("{FAE04EC0-301F-11D3-BF4B-00C04F79EFBC}") = "BlazorPrueba", "BlazorPrueba\BlazorPrueba.csproj", "{1037C256-B94B-48F3-BC1D-6853FAB7B6D6}"
EndProject
Global
	GlobalSection(SolutionConfigurationPlatforms) = preSolution
		Debug|Any CPU = Debug|Any CPU
		Release|Any CPU = Release|Any CPU
	EndGlobalSection
	GlobalSection(ProjectConfigurationPlatforms) = postSolution
		{1037C256-B94B-48F3-BC1D-6853FAB7B6D6}.Debug|Any CPU.ActiveCfg = Debug|Any CPU
		{1037C256-B94B-48F3-BC1D-6853FAB7B6D6}.Debug|Any CPU.Build.0 = Debug|Any CPU
		{1037C256-B94B-48F3-BC1D-6853FAB7B6D6}.Release|Any CPU.ActiveCfg = Release|Any CPU
		{1037C256-B94B-48F3-BC1D-6853FAB7B6D6}.Release|Any CPU.Build.0 = Release|Any CPU
	EndGlobalSection
	GlobalSection(SolutionProperties) = preSolution
		HideSolutionNode = FALSE
	EndGlobalSection
	GlobalSection(ExtensibilityGlobals) = postSolution
		SolutionGuid = {ACADC753-2912-4374-89E0-01CE196E072D}
	EndGlobalSection
EndGlobal
